{
  "name": "canapea",
  "version": "0.0.1",
  "lockfileVersion": 3,
  "requires": true,
  "packages": {
    "": {
      "name": "canapea",
      "version": "0.0.1",
      "dependencies": {
        "web-tree-sitter": "^0.24.4"
      },
      "engines": {
        "vscode": "^1.99.0"
      }
    },
    "node_modules/web-tree-sitter": {
      "version": "0.24.4",
      "resolved": "https://registry.npmjs.org/web-tree-sitter/-/web-tree-sitter-0.24.4.tgz",
      "integrity": "sha512-sETP1Sf9OTd4LusrKBNznNgTt3fWoWhJnAFaKPiGSeVKXJbZ72qoMpxddKMdVI5BgXv32OI7tkKQre5PmF9reA==",
      "license": "MIT"
    }
  }
}
